{
  "name": "next-test",
  "version": "0.1.0",
  "lockfileVersion": 1,
  "requires": true,
  "dependencies": {
    "next-transpile-modules": {
      "version": "2.3.1",
      "resolved": "https://registry.npmjs.org/next-transpile-modules/-/next-transpile-modules-2.3.1.tgz",
      "integrity": "sha512-euNOBAk/CXZA6binwL47+QpcxAmK1pzH2zjF7XnRN55f2iuN/ecpUw5p3x4bikFu0yDPtSLS92nv9fcgcCo0vg==",
      "dev": true
    }
  }
}
